// !$*UTF8*$!
{
	archiveVersion = 1;
	classes = {
	};
	objectVersion = 77;
	objects = {

/* Begin PBXBuildFile section */
		280DF3512DE328F800857B31 /* CityForecast+CoreDataProperties.swift in Sources */ = {isa = PBXBuildFile; fileRef = 280DF34E2DE328F800857B31 /* CityForecast+CoreDataProperties.swift */; };
		280DF3522DE328F800857B31 /* FavouriteCity+CoreDataProperties.swift in Sources */ = {isa = PBXBuildFile; fileRef = 280DF3502DE328F800857B31 /* FavouriteCity+CoreDataProperties.swift */; };
		280DF3532DE328F800857B31 /* CityForecast+CoreDataClass.swift in Sources */ = {isa = PBXBuildFile; fileRef = 280DF34D2DE328F800857B31 /* CityForecast+CoreDataClass.swift */; };
		280DF3542DE328F800857B31 /* FavouriteCity+CoreDataClass.swift in Sources */ = {isa = PBXBuildFile; fileRef = 280DF34F2DE328F800857B31 /* FavouriteCity+CoreDataClass.swift */; };
/* End PBXBuildFile section */

/* Begin PBXContainerItemProxy section */
		280DF2652DDEF21C00857B31 /* PBXContainerItemProxy */ = {
			isa = PBXContainerItemProxy;
			containerPortal = 280DF2472DDEF21900857B31 /* Project object */;
			proxyType = 1;
			remoteGlobalIDString = 280DF24E2DDEF21900857B31;
			remoteInfo = Forecaster;
		};
		280DF26F2DDEF21C00857B31 /* PBXContainerItemProxy */ = {
			isa = PBXContainerItemProxy;
			containerPortal = 280DF2472DDEF21900857B31 /* Project object */;
			proxyType = 1;
			remoteGlobalIDString = 280DF24E2DDEF21900857B31;
			remoteInfo = Forecaster;
		};
/* End PBXContainerItemProxy section */

/* Begin PBXFileReference section */
		280DF24F2DDEF21900857B31 /* Forecaster.app */ = {isa = PBXFileReference; explicitFileType = wrapper.application; includeInIndex = 0; path = Forecaster.app; sourceTree = BUILT_PRODUCTS_DIR; };
		280DF2642DDEF21C00857B31 /* ForecasterTests.xctest */ = {isa = PBXFileReference; explicitFileType = wrapper.cfbundle; includeInIndex = 0; path = ForecasterTests.xctest; sourceTree = BUILT_PRODUCTS_DIR; };
		280DF26E2DDEF21C00857B31 /* ForecasterUITests.xctest */ = {isa = PBXFileReference; explicitFileType = wrapper.cfbundle; includeInIndex = 0; path = ForecasterUITests.xctest; sourceTree = BUILT_PRODUCTS_DIR; };
		280DF34D2DE328F800857B31 /* CityForecast+CoreDataClass.swift */ = {isa = PBXFileReference; lastKnownFileType = sourcecode.swift; path = "CityForecast+CoreDataClass.swift"; sourceTree = "<group>"; };
		280DF34E2DE328F800857B31 /* CityForecast+CoreDataProperties.swift */ = {isa = PBXFileReference; lastKnownFileType = sourcecode.swift; path = "CityForecast+CoreDataProperties.swift"; sourceTree = "<group>"; };
		280DF34F2DE328F800857B31 /* FavouriteCity+CoreDataClass.swift */ = {isa = PBXFileReference; lastKnownFileType = sourcecode.swift; path = "FavouriteCity+CoreDataClass.swift"; sourceTree = "<group>"; };
		280DF3502DE328F800857B31 /* FavouriteCity+CoreDataProperties.swift */ = {isa = PBXFileReference; lastKnownFileType = sourcecode.swift; path = "FavouriteCity+CoreDataProperties.swift"; sourceTree = "<group>"; };
/* End PBXFileReference section */

/* Begin PBXFileSystemSynchronizedBuildFileExceptionSet section */
		280DF2922DDEF71500857B31 /* Exceptions for "Forecaster" folder in "Forecaster" target */ = {
			isa = PBXFileSystemSynchronizedBuildFileExceptionSet;
			membershipExceptions = (
				Info.plist,
			);
			target = 280DF24E2DDEF21900857B31 /* Forecaster */;
		};
		28E471A72DE5EA6500E60214 /* Exceptions for "Forecaster" folder in "ForecasterTests" target */ = {
			isa = PBXFileSystemSynchronizedBuildFileExceptionSet;
			membershipExceptions = (
				Networking/HTTPClient.swift,
				Networking/Models/Forecast.swift,
				Networking/Models/Weather.swift,
				Networking/Models/WeatherError.swift,
				Networking/Networking.swift,
			);
			target = 280DF2632DDEF21C00857B31 /* ForecasterTests */;
		};
/* End PBXFileSystemSynchronizedBuildFileExceptionSet section */

/* Begin PBXFileSystemSynchronizedRootGroup section */
		280DF2512DDEF21900857B31 /* Forecaster */ = {
			isa = PBXFileSystemSynchronizedRootGroup;
			exceptions = (
				280DF2922DDEF71500857B31 /* Exceptions for "Forecaster" folder in "Forecaster" target */,
				28E471A72DE5EA6500E60214 /* Exceptions for "Forecaster" folder in "ForecasterTests" target */,
			);
			path = Forecaster;
			sourceTree = "<group>";
		};
		280DF2672DDEF21C00857B31 /* ForecasterTests */ = {
			isa = PBXFileSystemSynchronizedRootGroup;
			path = ForecasterTests;
			sourceTree = "<group>";
		};
		280DF2712DDEF21C00857B31 /* ForecasterUITests */ = {
			isa = PBXFileSystemSynchronizedRootGroup;
			path = ForecasterUITests;
			sourceTree = "<group>";
		};
/* End PBXFileSystemSynchronizedRootGroup section */

/* Begin PBXFrameworksBuildPhase section */
		280DF24C2DDEF21900857B31 /* Frameworks */ = {
			isa = PBXFrameworksBuildPhase;
			buildActionMask = 2147483647;
			files = (
			);
			runOnlyForDeploymentPostprocessing = 0;
		};
		280DF2612DDEF21C00857B31 /* Frameworks */ = {
			isa = PBXFrameworksBuildPhase;
			buildActionMask = 2147483647;
			files = (
			);
			runOnlyForDeploymentPostprocessing = 0;
		};
		280DF26B2DDEF21C00857B31 /* Frameworks */ = {
			isa = PBXFrameworksBuildPhase;
			buildActionMask = 2147483647;
			files = (
			);
			runOnlyForDeploymentPostprocessing = 0;
		};
/* End PBXFrameworksBuildPhase section */

/* Begin PBXGroup section */
		280DF2462DDEF21900857B31 = {
			isa = PBXGroup;
			children = (
				280DF34D2DE328F800857B31 /* CityForecast+CoreDataClass.swift */,
				280DF34E2DE328F800857B31 /* CityForecast+CoreDataProperties.swift */,
				280DF34F2DE328F800857B31 /* FavouriteCity+CoreDataClass.swift */,
				280DF3502DE328F800857B31 /* FavouriteCity+CoreDataProperties.swift */,
				280DF2512DDEF21900857B31 /* Forecaster */,
				280DF2672DDEF21C00857B31 /* ForecasterTests */,
				280DF2712DDEF21C00857B31 /* ForecasterUITests */,
				280DF2502DDEF21900857B31 /* Products */,
			);
			sourceTree = "<group>";
		};
		280DF2502DDEF21900857B31 /* Products */ = {
			isa = PBXGroup;
			children = (
				280DF24F2DDEF21900857B31 /* Forecaster.app */,
				280DF2642DDEF21C00857B31 /* ForecasterTests.xctest */,
				280DF26E2DDEF21C00857B31 /* ForecasterUITests.xctest */,
			);
			name = Products;
			sourceTree = "<group>";
		};
/* End PBXGroup section */

/* Begin PBXNativeTarget section */
		280DF24E2DDEF21900857B31 /* Forecaster */ = {
			isa = PBXNativeTarget;
			buildConfigurationList = 280DF2782DDEF21D00857B31 /* Build configuration list for PBXNativeTarget "Forecaster" */;
			buildPhases = (
				280DF24B2DDEF21900857B31 /* Sources */,
				280DF24C2DDEF21900857B31 /* Frameworks */,
				280DF24D2DDEF21900857B31 /* Resources */,
			);
			buildRules = (
			);
			dependencies = (
			);
			fileSystemSynchronizedGroups = (
				280DF2512DDEF21900857B31 /* Forecaster */,
			);
			name = Forecaster;
			packageProductDependencies = (
			);
			productName = Forecaster;
			productReference = 280DF24F2DDEF21900857B31 /* Forecaster.app */;
			productType = "com.apple.product-type.application";
		};
		280DF2632DDEF21C00857B31 /* ForecasterTests */ = {
			isa = PBXNativeTarget;
			buildConfigurationList = 280DF27B2DDEF21D00857B31 /* Build configuration list for PBXNativeTarget "ForecasterTests" */;
			buildPhases = (
				280DF2602DDEF21C00857B31 /* Sources */,
				280DF2612DDEF21C00857B31 /* Frameworks */,
				280DF2622DDEF21C00857B31 /* Resources */,
			);
			buildRules = (
			);
			dependencies = (
				280DF2662DDEF21C00857B31 /* PBXTargetDependency */,
			);
			fileSystemSynchronizedGroups = (
				280DF2672DDEF21C00857B31 /* ForecasterTests */,
			);
			name = ForecasterTests;
			packageProductDependencies = (
			);
			productName = ForecasterTests;
			productReference = 280DF2642DDEF21C00857B31 /* ForecasterTests.xctest */;
			productType = "com.apple.product-type.bundle.unit-test";
		};
		280DF26D2DDEF21C00857B31 /* ForecasterUITests */ = {
			isa = PBXNativeTarget;
			buildConfigurationList = 280DF27E2DDEF21D00857B31 /* Build configuration list for PBXNativeTarget "ForecasterUITests" */;
			buildPhases = (
				280DF26A2DDEF21C00857B31 /* Sources */,
				280DF26B2DDEF21C00857B31 /* Frameworks */,
				280DF26C2DDEF21C00857B31 /* Resources */,
			);
			buildRules = (
			);
			dependencies = (
				280DF2702DDEF21C00857B31 /* PBXTargetDependency */,
			);
			fileSystemSynchronizedGroups = (
				280DF2712DDEF21C00857B31 /* ForecasterUITests */,
			);
			name = ForecasterUITests;
			packageProductDependencies = (
			);
			productName = ForecasterUITests;
			productReference = 280DF26E2DDEF21C00857B31 /* ForecasterUITests.xctest */;
			productType = "com.apple.product-type.bundle.ui-testing";
		};
/* End PBXNativeTarget section */

/* Begin PBXProject section */
		280DF2472DDEF21900857B31 /* Project object */ = {
			isa = PBXProject;
			attributes = {
				BuildIndependentTargetsInParallel = 1;
				LastSwiftUpdateCheck = 1610;
				LastUpgradeCheck = 1610;
				TargetAttributes = {
					280DF24E2DDEF21900857B31 = {
						CreatedOnToolsVersion = 16.1;
					};
					280DF2632DDEF21C00857B31 = {
						CreatedOnToolsVersion = 16.1;
						TestTargetID = 280DF24E2DDEF21900857B31;
					};
					280DF26D2DDEF21C00857B31 = {
						CreatedOnToolsVersion = 16.1;
						TestTargetID = 280DF24E2DDEF21900857B31;
					};
				};
			};
			buildConfigurationList = 280DF24A2DDEF21900857B31 /* Build configuration list for PBXProject "Forecaster" */;
			developmentRegion = en;
			hasScannedForEncodings = 0;
			knownRegions = (
				en,
				Base,
			);
			mainGroup = 280DF2462DDEF21900857B31;
			minimizedProjectReferenceProxies = 1;
			preferredProjectObjectVersion = 77;
			productRefGroup = 280DF2502DDEF21900857B31 /* Products */;
			projectDirPath = "";
			projectRoot = "";
			targets = (
				280DF24E2DDEF21900857B31 /* Forecaster */,
				280DF2632DDEF21C00857B31 /* ForecasterTests */,
				280DF26D2DDEF21C00857B31 /* ForecasterUITests */,
			);
		};
/* End PBXProject section */

/* Begin PBXResourcesBuildPhase section */
		280DF24D2DDEF21900857B31 /* Resources */ = {
			isa = PBXResourcesBuildPhase;
			buildActionMask = 2147483647;
			files = (
			);
			runOnlyForDeploymentPostprocessing = 0;
		};
		280DF2622DDEF21C00857B31 /* Resources */ = {
			isa = PBXResourcesBuildPhase;
			buildActionMask = 2147483647;
			files = (
			);
			runOnlyForDeploymentPostprocessing = 0;
		};
		280DF26C2DDEF21C00857B31 /* Resources */ = {
			isa = PBXResourcesBuildPhase;
			buildActionMask = 2147483647;
			files = (
			);
			runOnlyForDeploymentPostprocessing = 0;
		};
/* End PBXResourcesBuildPhase section */

/* Begin PBXSourcesBuildPhase section */
		280DF24B2DDEF21900857B31 /* Sources */ = {
			isa = PBXSourcesBuildPhase;
			buildActionMask = 2147483647;
			files = (
				280DF3512DE328F800857B31 /* CityForecast+CoreDataProperties.swift in Sources */,
				280DF3522DE328F800857B31 /* FavouriteCity+CoreDataProperties.swift in Sources */,
				280DF3532DE328F800857B31 /* CityForecast+CoreDataClass.swift in Sources */,
				280DF3542DE328F800857B31 /* FavouriteCity+CoreDataClass.swift in Sources */,
			);
			runOnlyForDeploymentPostprocessing = 0;
		};
		280DF2602DDEF21C00857B31 /* Sources */ = {
			isa = PBXSourcesBuildPhase;
			buildActionMask = 2147483647;
			files = (
			);
			runOnlyForDeploymentPostprocessing = 0;
		};
		280DF26A2DDEF21C00857B31 /* Sources */ = {
			isa = PBXSourcesBuildPhase;
			buildActionMask = 2147483647;
			files = (
			);
			runOnlyForDeploymentPostprocessing = 0;
		};
/* End PBXSourcesBuildPhase section */

/* Begin PBXTargetDependency section */
		280DF2662DDEF21C00857B31 /* PBXTargetDependency */ = {
			isa = PBXTargetDependency;
			target = 280DF24E2DDEF21900857B31 /* Forecaster */;
			targetProxy = 280DF2652DDEF21C00857B31 /* PBXContainerItemProxy */;
		};
		280DF2702DDEF21C00857B31 /* PBXTargetDependency */ = {
			isa = PBXTargetDependency;
			target = 280DF24E2DDEF21900857B31 /* Forecaster */;
			targetProxy = 280DF26F2DDEF21C00857B31 /* PBXContainerItemProxy */;
		};
/* End PBXTargetDependency section */

/* Begin XCBuildConfiguration section */
		280DF2762DDEF21D00857B31 /* Debug */ = {
			isa = XCBuildConfiguration;
			buildSettings = {
				ALWAYS_SEARCH_USER_PATHS = NO;
				ASSETCATALOG_COMPILER_GENERATE_SWIFT_ASSET_SYMBOL_EXTENSIONS = YES;
				CLANG_ANALYZER_NONNULL = YES;
				CLANG_ANALYZER_NUMBER_OBJECT_CONVERSION = YES_AGGRESSIVE;
				CLANG_CXX_LANGUAGE_STANDARD = "gnu++20";
				CLANG_ENABLE_MODULES = YES;
				CLANG_ENABLE_OBJC_ARC = YES;
				CLANG_ENABLE_OBJC_WEAK = YES;
				CLANG_WARN_BLOCK_CAPTURE_AUTORELEASING = YES;
				CLANG_WARN_BOOL_CONVERSION = YES;
				CLANG_WARN_COMMA = YES;
				CLANG_WARN_CONSTANT_CONVERSION = YES;
				CLANG_WARN_DEPRECATED_OBJC_IMPLEMENTATIONS = YES;
				CLANG_WARN_DIRECT_OBJC_ISA_USAGE = YES_ERROR;
				CLANG_WARN_DOCUMENTATION_COMMENTS = YES;
				CLANG_WARN_EMPTY_BODY = YES;
				CLANG_WARN_ENUM_CONVERSION = YES;
				CLANG_WARN_INFINITE_RECURSION = YES;
				CLANG_WARN_INT_CONVERSION = YES;
				CLANG_WARN_NON_LITERAL_NULL_CONVERSION = YES;
				CLANG_WARN_OBJC_IMPLICIT_RETAIN_SELF = YES;
				CLANG_WARN_OBJC_LITERAL_CONVERSION = YES;
				CLANG_WARN_OBJC_ROOT_CLASS = YES_ERROR;
				CLANG_WARN_QUOTED_INCLUDE_IN_FRAMEWORK_HEADER = YES;
				CLANG_WARN_RANGE_LOOP_ANALYSIS = YES;
				CLANG_WARN_STRICT_PROTOTYPES = YES;
				CLANG_WARN_SUSPICIOUS_MOVE = YES;
				CLANG_WARN_UNGUARDED_AVAILABILITY = YES_AGGRESSIVE;
				CLANG_WARN_UNREACHABLE_CODE = YES;
				CLANG_WARN__DUPLICATE_METHOD_MATCH = YES;
				COPY_PHASE_STRIP = NO;
				DEBUG_INFORMATION_FORMAT = dwarf;
				ENABLE_STRICT_OBJC_MSGSEND = YES;
				ENABLE_TESTABILITY = YES;
				ENABLE_USER_SCRIPT_SANDBOXING = YES;
				GCC_C_LANGUAGE_STANDARD = gnu17;
				GCC_DYNAMIC_NO_PIC = NO;
				GCC_NO_COMMON_BLOCKS = YES;
				GCC_OPTIMIZATION_LEVEL = 0;
				GCC_PREPROCESSOR_DEFINITIONS = (
					"DEBUG=1",
					"$(inherited)",
				);
				GCC_WARN_64_TO_32_BIT_CONVERSION = YES;
				GCC_WARN_ABOUT_RETURN_TYPE = YES_ERROR;
				GCC_WARN_UNDECLARED_SELECTOR = YES;
				GCC_WARN_UNINITIALIZED_AUTOS = YES_AGGRESSIVE;
				GCC_WARN_UNUSED_FUNCTION = YES;
				GCC_WARN_UNUSED_VARIABLE = YES;
				IPHONEOS_DEPLOYMENT_TARGET = 18.1;
				LOCALIZATION_PREFERS_STRING_CATALOGS = YES;
				MTL_ENABLE_DEBUG_INFO = INCLUDE_SOURCE;
				MTL_FAST_MATH = YES;
				ONLY_ACTIVE_ARCH = YES;
				SDKROOT = iphoneos;
				SWIFT_ACTIVE_COMPILATION_CONDITIONS = "DEBUG $(inherited)";
				SWIFT_OPTIMIZATION_LEVEL = "-Onone";
			};
			name = Debug;
		};
		280DF2772DDEF21D00857B31 /* Release */ = {
			isa = XCBuildConfiguration;
			buildSettings = {
				ALWAYS_SEARCH_USER_PATHS = NO;
				ASSETCATALOG_COMPILER_GENERATE_SWIFT_ASSET_SYMBOL_EXTENSIONS = YES;
				CLANG_ANALYZER_NONNULL = YES;
				CLANG_ANALYZER_NUMBER_OBJECT_CONVERSION = YES_AGGRESSIVE;
				CLANG_CXX_LANGUAGE_STANDARD = "gnu++20";
				CLANG_ENABLE_MODULES = YES;
				CLANG_ENABLE_OBJC_ARC = YES;
				CLANG_ENABLE_OBJC_WEAK = YES;
				CLANG_WARN_BLOCK_CAPTURE_AUTORELEASING = YES;
				CLANG_WARN_BOOL_CONVERSION = YES;
				CLANG_WARN_COMMA = YES;
				CLANG_WARN_CONSTANT_CONVERSION = YES;
				CLANG_WARN_DEPRECATED_OBJC_IMPLEMENTATIONS = YES;
				CLANG_WARN_DIRECT_OBJC_ISA_USAGE = YES_ERROR;
				CLANG_WARN_DOCUMENTATION_COMMENTS = YES;
				CLANG_WARN_EMPTY_BODY = YES;
				CLANG_WARN_ENUM_CONVERSION = YES;
				CLANG_WARN_INFINITE_RECURSION = YES;
				CLANG_WARN_INT_CONVERSION = YES;
				CLANG_WARN_NON_LITERAL_NULL_CONVERSION = YES;
				CLANG_WARN_OBJC_IMPLICIT_RETAIN_SELF = YES;
				CLANG_WARN_OBJC_LITERAL_CONVERSION = YES;
				CLANG_WARN_OBJC_ROOT_CLASS = YES_ERROR;
				CLANG_WARN_QUOTED_INCLUDE_IN_FRAMEWORK_HEADER = YES;
				CLANG_WARN_RANGE_LOOP_ANALYSIS = YES;
				CLANG_WARN_STRICT_PROTOTYPES = YES;
				CLANG_WARN_SUSPICIOUS_MOVE = YES;
				CLANG_WARN_UNGUARDED_AVAILABILITY = YES_AGGRESSIVE;
				CLANG_WARN_UNREACHABLE_CODE = YES;
				CLANG_WARN__DUPLICATE_METHOD_MATCH = YES;
				COPY_PHASE_STRIP = NO;
				DEBUG_INFORMATION_FORMAT = "dwarf-with-dsym";
				ENABLE_NS_ASSERTIONS = NO;
				ENABLE_STRICT_OBJC_MSGSEND = YES;
				ENABLE_USER_SCRIPT_SANDBOXING = YES;
				GCC_C_LANGUAGE_STANDARD = gnu17;
				GCC_NO_COMMON_BLOCKS = YES;
				GCC_WARN_64_TO_32_BIT_CONVERSION = YES;
				GCC_WARN_ABOUT_RETURN_TYPE = YES_ERROR;
				GCC_WARN_UNDECLARED_SELECTOR = YES;
				GCC_WARN_UNINITIALIZED_AUTOS = YES_AGGRESSIVE;
				GCC_WARN_UNUSED_FUNCTION = YES;
				GCC_WARN_UNUSED_VARIABLE = YES;
				IPHONEOS_DEPLOYMENT_TARGET = 18.1;
				LOCALIZATION_PREFERS_STRING_CATALOGS = YES;
				MTL_ENABLE_DEBUG_INFO = NO;
				MTL_FAST_MATH = YES;
				SDKROOT = iphoneos;
				SWIFT_COMPILATION_MODE = wholemodule;
				VALIDATE_PRODUCT = YES;
			};
			name = Release;
		};
		280DF2792DDEF21D00857B31 /* Debug */ = {
			isa = XCBuildConfiguration;
			buildSettings = {
				ASSETCATALOG_COMPILER_APPICON_NAME = AppIcon;
				ASSETCATALOG_COMPILER_GLOBAL_ACCENT_COLOR_NAME = AccentColor;
				CODE_SIGN_STYLE = Automatic;
				CURRENT_PROJECT_VERSION = 1.0.0;
				DEVELOPMENT_ASSET_PATHS = "\"Forecaster/Preview Content\"";
				DEVELOPMENT_TEAM = QC2LRL9F42;
				ENABLE_PREVIEWS = YES;
				GENERATE_INFOPLIST_FILE = YES;
				INFOPLIST_FILE = Forecaster/Info.plist;
				INFOPLIST_KEY_UIApplicationSceneManifest_Generation = YES;
				INFOPLIST_KEY_UIApplicationSupportsIndirectInputEvents = YES;
				INFOPLIST_KEY_UILaunchScreen_Generation = YES;
				INFOPLIST_KEY_UISupportedInterfaceOrientations_iPad = "UIInterfaceOrientationPortrait UIInterfaceOrientationPortraitUpsideDown UIInterfaceOrientationLandscapeLeft UIInterfaceOrientationLandscapeRight";
				INFOPLIST_KEY_UISupportedInterfaceOrientations_iPhone = "UIInterfaceOrientationPortrait UIInterfaceOrientationLandscapeLeft UIInterfaceOrientationLandscapeRight";
				LD_RUNPATH_SEARCH_PATHS = (
					"$(inherited)",
					"@executable_path/Frameworks",
				);
				MARKETING_VERSION = 2.1.0;
				PRODUCT_BUNDLE_IDENTIFIER = com.test.Forecaster;
				PRODUCT_NAME = "$(TARGET_NAME)";
				SWIFT_EMIT_LOC_STRINGS = YES;
				SWIFT_VERSION = 5.0;
				TARGETED_DEVICE_FAMILY = "1,2";
			};
			name = Debug;
		};
		280DF27A2DDEF21D00857B31 /* Release */ = {
			isa = XCBuildConfiguration;
			buildSettings = {
				ASSETCATALOG_COMPILER_APPICON_NAME = AppIcon;
				ASSETCATALOG_COMPILER_GLOBAL_ACCENT_COLOR_NAME = AccentColor;
				CODE_SIGN_STYLE = Automatic;
				CURRENT_PROJECT_VERSION = 1.0.0;
				DEVELOPMENT_ASSET_PATHS = "\"Forecaster/Preview Content\"";
				DEVELOPMENT_TEAM = QC2LRL9F42;
				ENABLE_PREVIEWS = YES;
				GENERATE_INFOPLIST_FILE = YES;
				INFOPLIST_FILE = Forecaster/Info.plist;
				INFOPLIST_KEY_UIApplicationSceneManifest_Generation = YES;
				INFOPLIST_KEY_UIApplicationSupportsIndirectInputEvents = YES;
				INFOPLIST_KEY_UILaunchScreen_Generation = YES;
				INFOPLIST_KEY_UISupportedInterfaceOrientations_iPad = "UIInterfaceOrientationPortrait UIInterfaceOrientationPortraitUpsideDown UIInterfaceOrientationLandscapeLeft UIInterfaceOrientationLandscapeRight";
				INFOPLIST_KEY_UISupportedInterfaceOrientations_iPhone = "UIInterfaceOrientationPortrait UIInterfaceOrientationLandscapeLeft UIInterfaceOrientationLandscapeRight";
				LD_RUNPATH_SEARCH_PATHS = (
					"$(inherited)",
					"@executable_path/Frameworks",
				);
				MARKETING_VERSION = 2.1.0;
				PRODUCT_BUNDLE_IDENTIFIER = com.test.Forecaster;
				PRODUCT_NAME = "$(TARGET_NAME)";
				SWIFT_EMIT_LOC_STRINGS = YES;
				SWIFT_VERSION = 5.0;
				TARGETED_DEVICE_FAMILY = "1,2";
			};
			name = Release;
		};
		280DF27C2DDEF21D00857B31 /* Debug */ = {
			isa = XCBuildConfiguration;
			buildSettings = {
				BUNDLE_LOADER = "$(TEST_HOST)";
				CODE_SIGN_STYLE = Automatic;
				CURRENT_PROJECT_VERSION = 1;
				DEVELOPMENT_TEAM = QC2LRL9F42;
				GENERATE_INFOPLIST_FILE = YES;
				IPHONEOS_DEPLOYMENT_TARGET = 18.1;
				MARKETING_VERSION = 1.0;
				PRODUCT_BUNDLE_IDENTIFIER = com.test.ForecasterTests;
				PRODUCT_NAME = "$(TARGET_NAME)";
				SWIFT_EMIT_LOC_STRINGS = NO;
				SWIFT_VERSION = 5.0;
				TARGETED_DEVICE_FAMILY = "1,2";
				TEST_HOST = "$(BUILT_PRODUCTS_DIR)/Forecaster.app/$(BUNDLE_EXECUTABLE_FOLDER_PATH)/Forecaster";
			};
			name = Debug;
		};
		280DF27D2DDEF21D00857B31 /* Release */ = {
			isa = XCBuildConfiguration;
			buildSettings = {
				BUNDLE_LOADER = "$(TEST_HOST)";
				CODE_SIGN_STYLE = Automatic;
				CURRENT_PROJECT_VERSION = 1;
				DEVELOPMENT_TEAM = QC2LRL9F42;
				GENERATE_INFOPLIST_FILE = YES;
				IPHONEOS_DEPLOYMENT_TARGET = 18.1;
				MARKETING_VERSION = 1.0;
				PRODUCT_BUNDLE_IDENTIFIER = com.test.ForecasterTests;
				PRODUCT_NAME = "$(TARGET_NAME)";
				SWIFT_EMIT_LOC_STRINGS = NO;
				SWIFT_VERSION = 5.0;
				TARGETED_DEVICE_FAMILY = "1,2";
				TEST_HOST = "$(BUILT_PRODUCTS_DIR)/Forecaster.app/$(BUNDLE_EXECUTABLE_FOLDER_PATH)/Forecaster";
			};
			name = Release;
		};
		280DF27F2DDEF21D00857B31 /* Debug */ = {
			isa = XCBuildConfiguration;
			buildSettings = {
				CODE_SIGN_STYLE = Automatic;
				CURRENT_PROJECT_VERSION = 1;
				DEVELOPMENT_TEAM = QC2LRL9F42;
				GENERATE_INFOPLIST_FILE = YES;
				MARKETING_VERSION = 1.0;
				PRODUCT_BUNDLE_IDENTIFIER = com.test.ForecasterUITests;
				PRODUCT_NAME = "$(TARGET_NAME)";
				SWIFT_EMIT_LOC_STRINGS = NO;
				SWIFT_VERSION = 5.0;
				TARGETED_DEVICE_FAMILY = "1,2";
				TEST_TARGET_NAME = Forecaster;
			};
			name = Debug;
		};
		280DF2802DDEF21D00857B31 /* Release */ = {
			isa = XCBuildConfiguration;
			buildSettings = {
				CODE_SIGN_STYLE = Automatic;
				CURRENT_PROJECT_VERSION = 1;
				DEVELOPMENT_TEAM = QC2LRL9F42;
				GENERATE_INFOPLIST_FILE = YES;
				MARKETING_VERSION = 1.0;
				PRODUCT_BUNDLE_IDENTIFIER = com.test.ForecasterUITests;
				PRODUCT_NAME = "$(TARGET_NAME)";
				SWIFT_EMIT_LOC_STRINGS = NO;
				SWIFT_VERSION = 5.0;
				TARGETED_DEVICE_FAMILY = "1,2";
				TEST_TARGET_NAME = Forecaster;
			};
			name = Release;
		};
/* End XCBuildConfiguration section */

/* Begin XCConfigurationList section */
		280DF24A2DDEF21900857B31 /* Build configuration list for PBXProject "Forecaster" */ = {
			isa = XCConfigurationList;
			buildConfigurations = (
				280DF2762DDEF21D00857B31 /* Debug */,
				280DF2772DDEF21D00857B31 /* Release */,
			);
			defaultConfigurationIsVisible = 0;
			defaultConfigurationName = Release;
		};
		280DF2782DDEF21D00857B31 /* Build configuration list for PBXNativeTarget "Forecaster" */ = {
			isa = XCConfigurationList;
			buildConfigurations = (
				280DF2792DDEF21D00857B31 /* Debug */,
				280DF27A2DDEF21D00857B31 /* Release */,
			);
			defaultConfigurationIsVisible = 0;
			defaultConfigurationName = Release;
		};
		280DF27B2DDEF21D00857B31 /* Build configuration list for PBXNativeTarget "ForecasterTests" */ = {
			isa = XCConfigurationList;
			buildConfigurations = (
				280DF27C2DDEF21D00857B31 /* Debug */,
				280DF27D2DDEF21D00857B31 /* Release */,
			);
			defaultConfigurationIsVisible = 0;
			defaultConfigurationName = Release;
		};
		280DF27E2DDEF21D00857B31 /* Build configuration list for PBXNativeTarget "ForecasterUITests" */ = {
			isa = XCConfigurationList;
			buildConfigurations = (
				280DF27F2DDEF21D00857B31 /* Debug */,
				280DF2802DDEF21D00857B31 /* Release */,
			);
			defaultConfigurationIsVisible = 0;
			defaultConfigurationName = Release;
		};
/* End XCConfigurationList section */
	};
	rootObject = 280DF2472DDEF21900857B31 /* Project object */;
}
